{
  "name": "HorariosAPI",
  "version": "1.0.0",
  "lockfileVersion": 1,
  "requires": true,
  "dependencies": {
    "pdf-to-text": {
      "version": "0.0.7",
      "resolved": "https://registry.npmjs.org/pdf-to-text/-/pdf-to-text-0.0.7.tgz",
      "integrity": "sha1-0c11tqnzeCoUvN+f5rwC90zX7NM="
    },
    "plain-text-data-to-json": {
      "version": "1.0.3",
      "resolved": "https://registry.npmjs.org/plain-text-data-to-json/-/plain-text-data-to-json-1.0.3.tgz",
      "integrity": "sha512-F0MfIBO+nh0R4C2nFlKIGYArJPxUlIYRScBrz/vHhqetYXYQgKuWUN6x03h5KNgKse5P+coFbuE06HvXrMv4YA==",
      "requires": {
        "trim": "0.0.1"
      }
    },
    "trim": {
      "version": "0.0.1",
      "resolved": "https://registry.npmjs.org/trim/-/trim-0.0.1.tgz",
      "integrity": "sha1-WFhUf2spB1fulczMZm+1AITEYN0="
    }
  }
}
